
Microsoft Visual Studio Solution File, Format Version 12.00
# Visual Studio Version 17
VisualStudioVersion = 17.4.33213.308
MinimumVisualStudioVersion = 10.0.40219.1
Project("{FAE04EC0-301F-11D3-BF4B-00C04F79EFBC}") = "UP14", "UP14.csproj", "{D131A8F4-E9B0-49A8-BFD1-42E24931CE8C}"
EndProject
Global
	GlobalSection(SolutionConfigurationPlatforms) = preSolution
		Debug|Any CPU = Debug|Any CPU
		Release|Any CPU = Release|Any CPU
	EndGlobalSection
	GlobalSection(ProjectConfigurationPlatforms) = postSolution
		{D131A8F4-E9B0-49A8-BFD1-42E24931CE8C}.Debug|Any CPU.ActiveCfg = Debug|Any CPU
		{D131A8F4-E9B0-49A8-BFD1-42E24931CE8C}.Debug|Any CPU.Build.0 = Debug|Any CPU
		{D131A8F4-E9B0-49A8-BFD1-42E24931CE8C}.Release|Any CPU.ActiveCfg = Release|Any CPU
		{D131A8F4-E9B0-49A8-BFD1-42E24931CE8C}.Release|Any CPU.Build.0 = Release|Any CPU
	EndGlobalSection
	GlobalSection(SolutionProperties) = preSolution
		HideSolutionNode = FALSE
	EndGlobalSection
	GlobalSection(ExtensibilityGlobals) = postSolution
		SolutionGuid = {70E1966E-D1A5-4A0C-9363-0C457DA375B2}
	EndGlobalSection
EndGlobal
